
Microsoft Visual Studio Solution File, Format Version 12.00
# Visual Studio 15
VisualStudioVersion = 15.0.27004.2005
MinimumVisualStudioVersion = 10.0.40219.1
Project("{FAE04EC0-301F-11D3-BF4B-00C04F79EFBC}") = "Device_EA_PS_2342_10B", "Device_EA_PS2342_10B\Device_EA_PS_2342_10B.csproj", "{8A2D2920-77E8-4C50-90C1-4E64FB58C958}"
EndProject
Global
	GlobalSection(SolutionConfigurationPlatforms) = preSolution
		Debug|Any CPU = Debug|Any CPU
		Release|Any CPU = Release|Any CPU
	EndGlobalSection
	GlobalSection(ProjectConfigurationPlatforms) = postSolution
		{8A2D2920-77E8-4C50-90C1-4E64FB58C958}.Debug|Any CPU.ActiveCfg = Debug|Any CPU
		{8A2D2920-77E8-4C50-90C1-4E64FB58C958}.Debug|Any CPU.Build.0 = Debug|Any CPU
		{8A2D2920-77E8-4C50-90C1-4E64FB58C958}.Release|Any CPU.ActiveCfg = Release|Any CPU
		{8A2D2920-77E8-4C50-90C1-4E64FB58C958}.Release|Any CPU.Build.0 = Release|Any CPU
	EndGlobalSection
	GlobalSection(SolutionProperties) = preSolution
		HideSolutionNode = FALSE
	EndGlobalSection
	GlobalSection(ExtensibilityGlobals) = postSolution
		SolutionGuid = {93EE78B4-1ED4-485D-A4C2-7FBEB3F75572}
	EndGlobalSection
EndGlobal
